name: "Update flake.lock"

# Dependabot does not understand Nix flakes, so the flake inputs (nixpkgs,
# crane) are refreshed by this scheduled job instead. It opens a pull request
# with the new flake.lock.
#
# The PR is created with the workflow's own GITHUB_TOKEN, and GitHub does not
# start workflows for events caused by that token (a guard against recursive
# runs). So the CI workflow, including the Nix build, does NOT run on the PR by
# itself: close and reopen it, or push to it, to get CI. Supplying a personal
# access token via the action's `token` input would lift that restriction.
on:
  schedule:
    - cron: "0 3 * * 1"
  workflow_dispatch:

permissions:
  contents: write
  pull-requests: write

jobs:
  update-flake-lock:
    if: github.repository == 'arto-app/Arto'
    runs-on: blacksmith-4vcpu-ubuntu-2404
    steps:
      - uses: actions/checkout@v7
        with:
          persist-credentials: false
      - uses: nixbuild/nix-quick-install-action@v35
      - uses: DeterminateSystems/update-flake-lock@v29
        with:
          pr-title: "chore(nix): update flake.lock"
          pr-labels: dependencies
